// !$*UTF8*$!
{
	archiveVersion = 1;
	classes = {
	};
	objectVersion = 46;
	objects = {

/* Begin PBXBuildFile section */
		F2177BC21C2F1D780093627C /* AppDelegate.swift in Sources */ = {isa = PBXBuildFile; fileRef = F2177BC11C2F1D780093627C /* AppDelegate.swift */; };
		F2177BC41C2F1D780093627C /* ViewController.swift in Sources */ = {isa = PBXBuildFile; fileRef = F2177BC31C2F1D780093627C /* ViewController.swift */; };
		F2177BC71C2F1D780093627C /* Main.storyboard in Resources */ = {isa = PBXBuildFile; fileRef = F2177BC51C2F1D780093627C /* Main.storyboard */; };
		F2177BC91C2F1D780093627C /* Assets.xcassets in Resources */ = {isa = PBXBuildFile; fileRef = F2177BC81C2F1D780093627C /* Assets.xcassets */; };
		F2177BCC1C2F1D780093627C /* LaunchScreen.storyboard in Resources */ = {isa = PBXBuildFile; fileRef = F2177BCA1C2F1D780093627C /* LaunchScreen.storyboard */; };
		F2177BD71C2F1D780093627C /* myLilPetMonTests.swift in Sources */ = {isa = PBXBuildFile; fileRef = F2177BD61C2F1D780093627C /* myLilPetMonTests.swift */; };
		F2177BE21C2F1D780093627C /* myLilPetMonUITests.swift in Sources */ = {isa = PBXBuildFile; fileRef = F2177BE11C2F1D780093627C /* myLilPetMonUITests.swift */; };
		F2177BF01C2F33970093627C /* DragImage.swift in Sources */ = {isa = PBXBuildFile; fileRef = F2177BEF1C2F33970093627C /* DragImage.swift */; };
		F2177BF11C2F33970093627C /* DragImage.swift in Sources */ = {isa = PBXBuildFile; fileRef = F2177BEF1C2F33970093627C /* DragImage.swift */; };
		F2177BF21C2F33970093627C /* DragImage.swift in Sources */ = {isa = PBXBuildFile; fileRef = F2177BEF1C2F33970093627C /* DragImage.swift */; };
		F2177BF41C2F52970093627C /* MonsterImage.swift in Sources */ = {isa = PBXBuildFile; fileRef = F2177BF31C2F52970093627C /* MonsterImage.swift */; };
		F2177BF51C2F52970093627C /* MonsterImage.swift in Sources */ = {isa = PBXBuildFile; fileRef = F2177BF31C2F52970093627C /* MonsterImage.swift */; };
		F2177BF61C2F52970093627C /* MonsterImage.swift in Sources */ = {isa = PBXBuildFile; fileRef = F2177BF31C2F52970093627C /* MonsterImage.swift */; };
		F2177BFA1C2F79970093627C /* bite.wav in Resources */ = {isa = PBXBuildFile; fileRef = F2177BF71C2F79970093627C /* bite.wav */; };
		F2177BFB1C2F79970093627C /* bite.wav in Resources */ = {isa = PBXBuildFile; fileRef = F2177BF71C2F79970093627C /* bite.wav */; };
		F2177BFC1C2F79970093627C /* bite.wav in Resources */ = {isa = PBXBuildFile; fileRef = F2177BF71C2F79970093627C /* bite.wav */; };
		F2177BFD1C2F79970093627C /* cave-music.mp3 in Resources */ = {isa = PBXBuildFile; fileRef = F2177BF81C2F79970093627C /* cave-music.mp3 */; };
		F2177BFE1C2F79970093627C /* cave-music.mp3 in Resources */ = {isa = PBXBuildFile; fileRef = F2177BF81C2F79970093627C /* cave-music.mp3 */; };
		F2177BFF1C2F79970093627C /* cave-music.mp3 in Resources */ = {isa = PBXBuildFile; fileRef = F2177BF81C2F79970093627C /* cave-music.mp3 */; };
		F2177C001C2F79970093627C /* death.wav in Resources */ = {isa = PBXBuildFile; fileRef = F2177BF91C2F79970093627C /* death.wav */; };
		F2177C011C2F79970093627C /* death.wav in Resources */ = {isa = PBXBuildFile; fileRef = F2177BF91C2F79970093627C /* death.wav */; };
		F2177C021C2F79970093627C /* death.wav in Resources */ = {isa = PBXBuildFile; fileRef = F2177BF91C2F79970093627C /* death.wav */; };
		F2177C041C2F799F0093627C /* heart.wav in Resources */ = {isa = PBXBuildFile; fileRef = F2177C031C2F799F0093627C /* heart.wav */; };
		F2177C051C2F799F0093627C /* heart.wav in Resources */ = {isa = PBXBuildFile; fileRef = F2177C031C2F799F0093627C /* heart.wav */; };
		F2177C061C2F799F0093627C /* heart.wav in Resources */ = {isa = PBXBuildFile; fileRef = F2177C031C2F799F0093627C /* heart.wav */; };
		F2177C081C2F79A70093627C /* skull.wav in Resources */ = {isa = PBXBuildFile; fileRef = F2177C071C2F79A70093627C /* skull.wav */; };
		F2177C091C2F79A70093627C /* skull.wav in Resources */ = {isa = PBXBuildFile; fileRef = F2177C071C2F79A70093627C /* skull.wav */; };
		F2177C0A1C2F79A70093627C /* skull.wav in Resources */ = {isa = PBXBuildFile; fileRef = F2177C071C2F79A70093627C /* skull.wav */; };
/* End PBXBuildFile section */

/* Begin PBXContainerItemProxy section */
		F2177BD31C2F1D780093627C /* PBXContainerItemProxy */ = {
			isa = PBXContainerItemProxy;
			containerPortal = F2177BB61C2F1D780093627C /* Project object */;
			proxyType = 1;
			remoteGlobalIDString = F2177BBD1C2F1D780093627C;
			remoteInfo = myLilPetMon;
		};
		F2177BDE1C2F1D780093627C /* PBXContainerItemProxy */ = {
			isa = PBXContainerItemProxy;
			containerPortal = F2177BB61C2F1D780093627C /* Project object */;
			proxyType = 1;
			remoteGlobalIDString = F2177BBD1C2F1D780093627C;
			remoteInfo = myLilPetMon;
		};
/* End PBXContainerItemProxy section */

/* Begin PBXFileReference section */
		F2177BBE1C2F1D780093627C /* myLilPetMon.app */ = {isa = PBXFileReference; explicitFileType = wrapper.application; includeInIndex = 0; path = myLilPetMon.app; sourceTree = BUILT_PRODUCTS_DIR; };
		F2177BC11C2F1D780093627C /* AppDelegate.swift */ = {isa = PBXFileReference; lastKnownFileType = sourcecode.swift; path = AppDelegate.swift; sourceTree = "<group>"; };
		F2177BC31C2F1D780093627C /* ViewController.swift */ = {isa = PBXFileReference; lastKnownFileType = sourcecode.swift; path = ViewController.swift; sourceTree = "<group>"; };
		F2177BC61C2F1D780093627C /* Base */ = {isa = PBXFileReference; lastKnownFileType = file.storyboard; name = Base; path = Base.lproj/Main.storyboard; sourceTree = "<group>"; };
		F2177BC81C2F1D780093627C /* Assets.xcassets */ = {isa = PBXFileReference; lastKnownFileType = folder.assetcatalog; path = Assets.xcassets; sourceTree = "<group>"; };
		F2177BCB1C2F1D780093627C /* Base */ = {isa = PBXFileReference; lastKnownFileType = file.storyboard; name = Base; path = Base.lproj/LaunchScreen.storyboard; sourceTree = "<group>"; };
		F2177BCD1C2F1D780093627C /* Info.plist */ = {isa = PBXFileReference; lastKnownFileType = text.plist.xml; path = Info.plist; sourceTree = "<group>"; };
		F2177BD21C2F1D780093627C /* myLilPetMonTests.xctest */ = {isa = PBXFileReference; explicitFileType = wrapper.cfbundle; includeInIndex = 0; path = myLilPetMonTests.xctest; sourceTree = BUILT_PRODUCTS_DIR; };
		F2177BD61C2F1D780093627C /* myLilPetMonTests.swift */ = {isa = PBXFileReference; lastKnownFileType = sourcecode.swift; path = myLilPetMonTests.swift; sourceTree = "<group>"; };
		F2177BD81C2F1D780093627C /* Info.plist */ = {isa = PBXFileReference; lastKnownFileType = text.plist.xml; path = Info.plist; sourceTree = "<group>"; };
		F2177BDD1C2F1D780093627C /* myLilPetMonUITests.xctest */ = {isa = PBXFileReference; explicitFileType = wrapper.cfbundle; includeInIndex = 0; path = myLilPetMonUITests.xctest; sourceTree = BUILT_PRODUCTS_DIR; };
		F2177BE11C2F1D780093627C /* myLilPetMonUITests.swift */ = {isa = PBXFileReference; lastKnownFileType = sourcecode.swift; path = myLilPetMonUITests.swift; sourceTree = "<group>"; };
		F2177BE31C2F1D780093627C /* Info.plist */ = {isa = PBXFileReference; lastKnownFileType = text.plist.xml; path = Info.plist; sourceTree = "<group>"; };
		F2177BEF1C2F33970093627C /* DragImage.swift */ = {isa = PBXFileReference; fileEncoding = 4; lastKnownFileType = sourcecode.swift; path = DragImage.swift; sourceTree = "<group>"; };
		F2177BF31C2F52970093627C /* MonsterImage.swift */ = {isa = PBXFileReference; fileEncoding = 4; lastKnownFileType = sourcecode.swift; path = MonsterImage.swift; sourceTree = "<group>"; };
		F2177BF71C2F79970093627C /* bite.wav */ = {isa = PBXFileReference; lastKnownFileType = audio.wav; path = bite.wav; sourceTree = "<group>"; };
		F2177BF81C2F79970093627C /* cave-music.mp3 */ = {isa = PBXFileReference; lastKnownFileType = audio.mp3; path = "cave-music.mp3"; sourceTree = "<group>"; };
		F2177BF91C2F79970093627C /* death.wav */ = {isa = PBXFileReference; lastKnownFileType = audio.wav; path = death.wav; sourceTree = "<group>"; };
		F2177C031C2F799F0093627C /* heart.wav */ = {isa = PBXFileReference; lastKnownFileType = audio.wav; path = heart.wav; sourceTree = "<group>"; };
		F2177C071C2F79A70093627C /* skull.wav */ = {isa = PBXFileReference; lastKnownFileType = audio.wav; path = skull.wav; sourceTree = "<group>"; };
/* End PBXFileReference section */

/* Begin PBXFrameworksBuildPhase section */
		F2177BBB1C2F1D780093627C /* Frameworks */ = {
			isa = PBXFrameworksBuildPhase;
			buildActionMask = 2147483647;
			files = (
			);
			runOnlyForDeploymentPostprocessing = 0;
		};
		F2177BCF1C2F1D780093627C /* Frameworks */ = {
			isa = PBXFrameworksBuildPhase;
			buildActionMask = 2147483647;
			files = (
			);
			runOnlyForDeploymentPostprocessing = 0;
		};
		F2177BDA1C2F1D780093627C /* Frameworks */ = {
			isa = PBXFrameworksBuildPhase;
			buildActionMask = 2147483647;
			files = (
			);
			runOnlyForDeploymentPostprocessing = 0;
		};
/* End PBXFrameworksBuildPhase section */

/* Begin PBXGroup section */
		F2177BB51C2F1D780093627C = {
			isa = PBXGroup;
			children = (
				F2177BC01C2F1D780093627C /* myLilPetMon */,
				F2177BD51C2F1D780093627C /* myLilPetMonTests */,
				F2177BE01C2F1D780093627C /* myLilPetMonUITests */,
				F2177BBF1C2F1D780093627C /* Products */,
			);
			sourceTree = "<group>";
		};
		F2177BBF1C2F1D780093627C /* Products */ = {
			isa = PBXGroup;
			children = (
				F2177BBE1C2F1D780093627C /* myLilPetMon.app */,
				F2177BD21C2F1D780093627C /* myLilPetMonTests.xctest */,
				F2177BDD1C2F1D780093627C /* myLilPetMonUITests.xctest */,
			);
			name = Products;
			sourceTree = "<group>";
		};
		F2177BC01C2F1D780093627C /* myLilPetMon */ = {
			isa = PBXGroup;
			children = (
				F2177C031C2F799F0093627C /* heart.wav */,
				F2177BF71C2F79970093627C /* bite.wav */,
				F2177BF81C2F79970093627C /* cave-music.mp3 */,
				F2177BF91C2F79970093627C /* death.wav */,
				F2177C071C2F79A70093627C /* skull.wav */,
				F2177BC11C2F1D780093627C /* AppDelegate.swift */,
				F2177BEF1C2F33970093627C /* DragImage.swift */,
				F2177BC31C2F1D780093627C /* ViewController.swift */,
				F2177BF31C2F52970093627C /* MonsterImage.swift */,
				F2177BC51C2F1D780093627C /* Main.storyboard */,
				F2177BC81C2F1D780093627C /* Assets.xcassets */,
				F2177BCA1C2F1D780093627C /* LaunchScreen.storyboard */,
				F2177BCD1C2F1D780093627C /* Info.plist */,
			);
			path = myLilPetMon;
			sourceTree = "<group>";
		};
		F2177BD51C2F1D780093627C /* myLilPetMonTests */ = {
			isa = PBXGroup;
			children = (
				F2177BD61C2F1D780093627C /* myLilPetMonTests.swift */,
				F2177BD81C2F1D780093627C /* Info.plist */,
			);
			path = myLilPetMonTests;
			sourceTree = "<group>";
		};
		F2177BE01C2F1D780093627C /* myLilPetMonUITests */ = {
			isa = PBXGroup;
			children = (
				F2177BE11C2F1D780093627C /* myLilPetMonUITests.swift */,
				F2177BE31C2F1D780093627C /* Info.plist */,
			);
			path = myLilPetMonUITests;
			sourceTree = "<group>";
		};
/* End PBXGroup section */

/* Begin PBXNativeTarget section */
		F2177BBD1C2F1D780093627C /* myLilPetMon */ = {
			isa = PBXNativeTarget;
			buildConfigurationList = F2177BE61C2F1D780093627C /* Build configuration list for PBXNativeTarget "myLilPetMon" */;
			buildPhases = (
				F2177BBA1C2F1D780093627C /* Sources */,
				F2177BBB1C2F1D780093627C /* Frameworks */,
				F2177BBC1C2F1D780093627C /* Resources */,
			);
			buildRules = (
			);
			dependencies = (
			);
			name = myLilPetMon;
			productName = myLilPetMon;
			productReference = F2177BBE1C2F1D780093627C /* myLilPetMon.app */;
			productType = "com.apple.product-type.application";
		};
		F2177BD11C2F1D780093627C /* myLilPetMonTests */ = {
			isa = PBXNativeTarget;
			buildConfigurationList = F2177BE91C2F1D780093627C /* Build configuration list for PBXNativeTarget "myLilPetMonTests" */;
			buildPhases = (
				F2177BCE1C2F1D780093627C /* Sources */,
				F2177BCF1C2F1D780093627C /* Frameworks */,
				F2177BD01C2F1D780093627C /* Resources */,
			);
			buildRules = (
			);
			dependencies = (
				F2177BD41C2F1D780093627C /* PBXTargetDependency */,
			);
			name = myLilPetMonTests;
			productName = myLilPetMonTests;
			productReference = F2177BD21C2F1D780093627C /* myLilPetMonTests.xctest */;
			productType = "com.apple.product-type.bundle.unit-test";
		};
		F2177BDC1C2F1D780093627C /* myLilPetMonUITests */ = {
			isa = PBXNativeTarget;
			buildConfigurationList = F2177BEC1C2F1D780093627C /* Build configuration list for PBXNativeTarget "myLilPetMonUITests" */;
			buildPhases = (
				F2177BD91C2F1D780093627C /* Sources */,
				F2177BDA1C2F1D780093627C /* Frameworks */,
				F2177BDB1C2F1D780093627C /* Resources */,
			);
			buildRules = (
			);
			dependencies = (
				F2177BDF1C2F1D780093627C /* PBXTargetDependency */,
			);
			name = myLilPetMonUITests;
			productName = myLilPetMonUITests;
			productReference = F2177BDD1C2F1D780093627C /* myLilPetMonUITests.xctest */;
			productType = "com.apple.product-type.bundle.ui-testing";
		};
/* End PBXNativeTarget section */

/* Begin PBXProject section */
		F2177BB61C2F1D780093627C /* Project object */ = {
			isa = PBXProject;
			attributes = {
				LastSwiftUpdateCheck = 0720;
				LastUpgradeCheck = 0720;
				ORGANIZATIONNAME = foobar;
				TargetAttributes = {
					F2177BBD1C2F1D780093627C = {
						CreatedOnToolsVersion = 7.2;
					};
					F2177BD11C2F1D780093627C = {
						CreatedOnToolsVersion = 7.2;
						TestTargetID = F2177BBD1C2F1D780093627C;
					};
					F2177BDC1C2F1D780093627C = {
						CreatedOnToolsVersion = 7.2;
						TestTargetID = F2177BBD1C2F1D780093627C;
					};
				};
			};
			buildConfigurationList = F2177BB91C2F1D780093627C /* Build configuration list for PBXProject "myLilPetMon" */;
			compatibilityVersion = "Xcode 3.2";
			developmentRegion = English;
			hasScannedForEncodings = 0;
			knownRegions = (
				en,
				Base,
			);
			mainGroup = F2177BB51C2F1D780093627C;
			productRefGroup = F2177BBF1C2F1D780093627C /* Products */;
			projectDirPath = "";
			projectRoot = "";
			targets = (
				F2177BBD1C2F1D780093627C /* myLilPetMon */,
				F2177BD11C2F1D780093627C /* myLilPetMonTests */,
				F2177BDC1C2F1D780093627C /* myLilPetMonUITests */,
			);
		};
/* End PBXProject section */

/* Begin PBXResourcesBuildPhase section */
		F2177BBC1C2F1D780093627C /* Resources */ = {
			isa = PBXResourcesBuildPhase;
			buildActionMask = 2147483647;
			files = (
				F2177C081C2F79A70093627C /* skull.wav in Resources */,
				F2177BFA1C2F79970093627C /* bite.wav in Resources */,
				F2177C001C2F79970093627C /* death.wav in Resources */,
				F2177C041C2F799F0093627C /* heart.wav in Resources */,
				F2177BFD1C2F79970093627C /* cave-music.mp3 in Resources */,
				F2177BCC1C2F1D780093627C /* LaunchScreen.storyboard in Resources */,
				F2177BC91C2F1D780093627C /* Assets.xcassets in Resources */,
				F2177BC71C2F1D780093627C /* Main.storyboard in Resources */,
			);
			runOnlyForDeploymentPostprocessing = 0;
		};
		F2177BD01C2F1D780093627C /* Resources */ = {
			isa = PBXResourcesBuildPhase;
			buildActionMask = 2147483647;
			files = (
				F2177BFB1C2F79970093627C /* bite.wav in Resources */,
				F2177C051C2F799F0093627C /* heart.wav in Resources */,
				F2177C011C2F79970093627C /* death.wav in Resources */,
				F2177BFE1C2F79970093627C /* cave-music.mp3 in Resources */,
				F2177C091C2F79A70093627C /* skull.wav in Resources */,
			);
			runOnlyForDeploymentPostprocessing = 0;
		};
		F2177BDB1C2F1D780093627C /* Resources */ = {
			isa = PBXResourcesBuildPhase;
			buildActionMask = 2147483647;
			files = (
				F2177BFC1C2F79970093627C /* bite.wav in Resources */,
				F2177C061C2F799F0093627C /* heart.wav in Resources */,
				F2177C021C2F79970093627C /* death.wav in Resources */,
				F2177BFF1C2F79970093627C /* cave-music.mp3 in Resources */,
				F2177C0A1C2F79A70093627C /* skull.wav in Resources */,
			);
			runOnlyForDeploymentPostprocessing = 0;
		};
/* End PBXResourcesBuildPhase section */

/* Begin PBXSourcesBuildPhase section */
		F2177BBA1C2F1D780093627C /* Sources */ = {
			isa = PBXSourcesBuildPhase;
			buildActionMask = 2147483647;
			files = (
				F2177BF41C2F52970093627C /* MonsterImage.swift in Sources */,
				F2177BC41C2F1D780093627C /* ViewController.swift in Sources */,
				F2177BF01C2F33970093627C /* DragImage.swift in Sources */,
				F2177BC21C2F1D780093627C /* AppDelegate.swift in Sources */,
			);
			runOnlyForDeploymentPostprocessing = 0;
		};
		F2177BCE1C2F1D780093627C /* Sources */ = {
			isa = PBXSourcesBuildPhase;
			buildActionMask = 2147483647;
			files = (
				F2177BD71C2F1D780093627C /* myLilPetMonTests.swift in Sources */,
				F2177BF51C2F52970093627C /* MonsterImage.swift in Sources */,
				F2177BF11C2F33970093627C /* DragImage.swift in Sources */,
			);
			runOnlyForDeploymentPostprocessing = 0;
		};
		F2177BD91C2F1D780093627C /* Sources */ = {
			isa = PBXSourcesBuildPhase;
			buildActionMask = 2147483647;
			files = (
				F2177BE21C2F1D780093627C /* myLilPetMonUITests.swift in Sources */,
				F2177BF61C2F52970093627C /* MonsterImage.swift in Sources */,
				F2177BF21C2F33970093627C /* DragImage.swift in Sources */,
			);
			runOnlyForDeploymentPostprocessing = 0;
		};
/* End PBXSourcesBuildPhase section */

/* Begin PBXTargetDependency section */
		F2177BD41C2F1D780093627C /* PBXTargetDependency */ = {
			isa = PBXTargetDependency;
			target = F2177BBD1C2F1D780093627C /* myLilPetMon */;
			targetProxy = F2177BD31C2F1D780093627C /* PBXContainerItemProxy */;
		};
		F2177BDF1C2F1D780093627C /* PBXTargetDependency */ = {
			isa = PBXTargetDependency;
			target = F2177BBD1C2F1D780093627C /* myLilPetMon */;
			targetProxy = F2177BDE1C2F1D780093627C /* PBXContainerItemProxy */;
		};
/* End PBXTargetDependency section */

/* Begin PBXVariantGroup section */
		F2177BC51C2F1D780093627C /* Main.storyboard */ = {
			isa = PBXVariantGroup;
			children = (
				F2177BC61C2F1D780093627C /* Base */,
			);
			name = Main.storyboard;
			sourceTree = "<group>";
		};
		F2177BCA1C2F1D780093627C /* LaunchScreen.storyboard */ = {
			isa = PBXVariantGroup;
			children = (
				F2177BCB1C2F1D780093627C /* Base */,
			);
			name = LaunchScreen.storyboard;
			sourceTree = "<group>";
		};
/* End PBXVariantGroup section */

/* Begin XCBuildConfiguration section */
		F2177BE41C2F1D780093627C /* Debug */ = {
			isa = XCBuildConfiguration;
			buildSettings = {
				ALWAYS_SEARCH_USER_PATHS = NO;
				CLANG_CXX_LANGUAGE_STANDARD = "gnu++0x";
				CLANG_CXX_LIBRARY = "libc++";
				CLANG_ENABLE_MODULES = YES;
				CLANG_ENABLE_OBJC_ARC = YES;
				CLANG_WARN_BOOL_CONVERSION = YES;
				CLANG_WARN_CONSTANT_CONVERSION = YES;
				CLANG_WARN_DIRECT_OBJC_ISA_USAGE = YES_ERROR;
				CLANG_WARN_EMPTY_BODY = YES;
				CLANG_WARN_ENUM_CONVERSION = YES;
				CLANG_WARN_INT_CONVERSION = YES;
				CLANG_WARN_OBJC_ROOT_CLASS = YES_ERROR;
				CLANG_WARN_UNREACHABLE_CODE = YES;
				CLANG_WARN__DUPLICATE_METHOD_MATCH = YES;
				"CODE_SIGN_IDENTITY[sdk=iphoneos*]" = "iPhone Developer";
				COPY_PHASE_STRIP = NO;
				DEBUG_INFORMATION_FORMAT = dwarf;
				ENABLE_STRICT_OBJC_MSGSEND = YES;
				ENABLE_TESTABILITY = YES;
				GCC_C_LANGUAGE_STANDARD = gnu99;
				GCC_DYNAMIC_NO_PIC = NO;
				GCC_NO_COMMON_BLOCKS = YES;
				GCC_OPTIMIZATION_LEVEL = 0;
				GCC_PREPROCESSOR_DEFINITIONS = (
					"DEBUG=1",
					"$(inherited)",
				);
				GCC_WARN_64_TO_32_BIT_CONVERSION = YES;
				GCC_WARN_ABOUT_RETURN_TYPE = YES_ERROR;
				GCC_WARN_UNDECLARED_SELECTOR = YES;
				GCC_WARN_UNINITIALIZED_AUTOS = YES_AGGRESSIVE;
				GCC_WARN_UNUSED_FUNCTION = YES;
				GCC_WARN_UNUSED_VARIABLE = YES;
				IPHONEOS_DEPLOYMENT_TARGET = 9.2;
				MTL_ENABLE_DEBUG_INFO = YES;
				ONLY_ACTIVE_ARCH = YES;
				SDKROOT = iphoneos;
				SWIFT_OPTIMIZATION_LEVEL = "-Onone";
			};
			name = Debug;
		};
		F2177BE51C2F1D780093627C /* Release */ = {
			isa = XCBuildConfiguration;
			buildSettings = {
				ALWAYS_SEARCH_USER_PATHS = NO;
				CLANG_CXX_LANGUAGE_STANDARD = "gnu++0x";
				CLANG_CXX_LIBRARY = "libc++";
				CLANG_ENABLE_MODULES = YES;
				CLANG_ENABLE_OBJC_ARC = YES;
				CLANG_WARN_BOOL_CONVERSION = YES;
				CLANG_WARN_CONSTANT_CONVERSION = YES;
				CLANG_WARN_DIRECT_OBJC_ISA_USAGE = YES_ERROR;
				CLANG_WARN_EMPTY_BODY = YES;
				CLANG_WARN_ENUM_CONVERSION = YES;
				CLANG_WARN_INT_CONVERSION = YES;
				CLANG_WARN_OBJC_ROOT_CLASS = YES_ERROR;
				CLANG_WARN_UNREACHABLE_CODE = YES;
				CLANG_WARN__DUPLICATE_METHOD_MATCH = YES;
				"CODE_SIGN_IDENTITY[sdk=iphoneos*]" = "iPhone Developer";
				COPY_PHASE_STRIP = NO;
				DEBUG_INFORMATION_FORMAT = "dwarf-with-dsym";
				ENABLE_NS_ASSERTIONS = NO;
				ENABLE_STRICT_OBJC_MSGSEND = YES;
				GCC_C_LANGUAGE_STANDARD = gnu99;
				GCC_NO_COMMON_BLOCKS = YES;
				GCC_WARN_64_TO_32_BIT_CONVERSION = YES;
				GCC_WARN_ABOUT_RETURN_TYPE = YES_ERROR;
				GCC_WARN_UNDECLARED_SELECTOR = YES;
				GCC_WARN_UNINITIALIZED_AUTOS = YES_AGGRESSIVE;
				GCC_WARN_UNUSED_FUNCTION = YES;
				GCC_WARN_UNUSED_VARIABLE = YES;
				IPHONEOS_DEPLOYMENT_TARGET = 9.2;
				MTL_ENABLE_DEBUG_INFO = NO;
				SDKROOT = iphoneos;
				VALIDATE_PRODUCT = YES;
			};
			name = Release;
		};
		F2177BE71C2F1D780093627C /* Debug */ = {
			isa = XCBuildConfiguration;
			buildSettings = {
				ASSETCATALOG_COMPILER_APPICON_NAME = AppIcon;
				INFOPLIST_FILE = myLilPetMon/Info.plist;
				LD_RUNPATH_SEARCH_PATHS = "$(inherited) @executable_path/Frameworks";
				PRODUCT_BUNDLE_IDENTIFIER = com.foobar.myLilPetMon;
				PRODUCT_NAME = "$(TARGET_NAME)";
				TARGETED_DEVICE_FAMILY = "1,2";
			};
			name = Debug;
		};
		F2177BE81C2F1D780093627C /* Release */ = {
			isa = XCBuildConfiguration;
			buildSettings = {
				ASSETCATALOG_COMPILER_APPICON_NAME = AppIcon;
				INFOPLIST_FILE = myLilPetMon/Info.plist;
				LD_RUNPATH_SEARCH_PATHS = "$(inherited) @executable_path/Frameworks";
				PRODUCT_BUNDLE_IDENTIFIER = com.foobar.myLilPetMon;
				PRODUCT_NAME = "$(TARGET_NAME)";
				TARGETED_DEVICE_FAMILY = "1,2";
			};
			name = Release;
		};
		F2177BEA1C2F1D780093627C /* Debug */ = {
			isa = XCBuildConfiguration;
			buildSettings = {
				BUNDLE_LOADER = "$(TEST_HOST)";
				INFOPLIST_FILE = myLilPetMonTests/Info.plist;
				LD_RUNPATH_SEARCH_PATHS = "$(inherited) @executable_path/Frameworks @loader_path/Frameworks";
				PRODUCT_BUNDLE_IDENTIFIER = com.foobar.myLilPetMonTests;
				PRODUCT_NAME = "$(TARGET_NAME)";
				TEST_HOST = "$(BUILT_PRODUCTS_DIR)/myLilPetMon.app/myLilPetMon";
			};
			name = Debug;
		};
		F2177BEB1C2F1D780093627C /* Release */ = {
			isa = XCBuildConfiguration;
			buildSettings = {
				BUNDLE_LOADER = "$(TEST_HOST)";
				INFOPLIST_FILE = myLilPetMonTests/Info.plist;
				LD_RUNPATH_SEARCH_PATHS = "$(inherited) @executable_path/Frameworks @loader_path/Frameworks";
				PRODUCT_BUNDLE_IDENTIFIER = com.foobar.myLilPetMonTests;
				PRODUCT_NAME = "$(TARGET_NAME)";
				TEST_HOST = "$(BUILT_PRODUCTS_DIR)/myLilPetMon.app/myLilPetMon";
			};
			name = Release;
		};
		F2177BED1C2F1D780093627C /* Debug */ = {
			isa = XCBuildConfiguration;
			buildSettings = {
				INFOPLIST_FILE = myLilPetMonUITests/Info.plist;
				LD_RUNPATH_SEARCH_PATHS = "$(inherited) @executable_path/Frameworks @loader_path/Frameworks";
				PRODUCT_BUNDLE_IDENTIFIER = com.foobar.myLilPetMonUITests;
				PRODUCT_NAME = "$(TARGET_NAME)";
				TEST_TARGET_NAME = myLilPetMon;
				USES_XCTRUNNER = YES;
			};
			name = Debug;
		};
		F2177BEE1C2F1D780093627C /* Release */ = {
			isa = XCBuildConfiguration;
			buildSettings = {
				INFOPLIST_FILE = myLilPetMonUITests/Info.plist;
				LD_RUNPATH_SEARCH_PATHS = "$(inherited) @executable_path/Frameworks @loader_path/Frameworks";
				PRODUCT_BUNDLE_IDENTIFIER = com.foobar.myLilPetMonUITests;
				PRODUCT_NAME = "$(TARGET_NAME)";
				TEST_TARGET_NAME = myLilPetMon;
				USES_XCTRUNNER = YES;
			};
			name = Release;
		};
/* End XCBuildConfiguration section */

/* Begin XCConfigurationList section */
		F2177BB91C2F1D780093627C /* Build configuration list for PBXProject "myLilPetMon" */ = {
			isa = XCConfigurationList;
			buildConfigurations = (
				F2177BE41C2F1D780093627C /* Debug */,
				F2177BE51C2F1D780093627C /* Release */,
			);
			defaultConfigurationIsVisible = 0;
			defaultConfigurationName = Release;
		};
		F2177BE61C2F1D780093627C /* Build configuration list for PBXNativeTarget "myLilPetMon" */ = {
			isa = XCConfigurationList;
			buildConfigurations = (
				F2177BE71C2F1D780093627C /* Debug */,
				F2177BE81C2F1D780093627C /* Release */,
			);
			defaultConfigurationIsVisible = 0;
		};
		F2177BE91C2F1D780093627C /* Build configuration list for PBXNativeTarget "myLilPetMonTests" */ = {
			isa = XCConfigurationList;
			buildConfigurations = (
				F2177BEA1C2F1D780093627C /* Debug */,
				F2177BEB1C2F1D780093627C /* Release */,
			);
			defaultConfigurationIsVisible = 0;
		};
		F2177BEC1C2F1D780093627C /* Build configuration list for PBXNativeTarget "myLilPetMonUITests" */ = {
			isa = XCConfigurationList;
			buildConfigurations = (
				F2177BED1C2F1D780093627C /* Debug */,
				F2177BEE1C2F1D780093627C /* Release */,
			);
			defaultConfigurationIsVisible = 0;
		};
/* End XCConfigurationList section */
	};
	rootObject = F2177BB61C2F1D780093627C /* Project object */;
}
